<?xml version="1.0" encoding="utf-8"?>
<Project DefaultTargets="Build" ToolsVersion="4.0" xmlns="http://schemas.microsoft.com/developer/msbuild/2003">
  <PropertyGroup>
    <Configuration Condition=" '$(Configuration)' == '' ">Debug</Configuration>
    <Platform Condition=" '$(Platform)' == '' ">AnyCPU</Platform>
    <ProjectGuid>{683475DD-F833-4E0C-94A5-92A616126E08}</ProjectGuid>
    <Compiler>DMD2</Compiler>
    <PreferOneStepBuild>true</PreferOneStepBuild>
    <UseDefaultCompiler>true</UseDefaultCompiler>
    <IncrementalLinking>true</IncrementalLinking>
  </PropertyGroup>
  <PropertyGroup Condition=" '$(Configuration)|$(Platform)' == 'Debug|AnyCPU' ">
    <DebugSymbols>true</DebugSymbols>
    <OutputPath>bin\Debug</OutputPath>
    <ObjectsDirectory>obj/Debug</ObjectsDirectory>
    <LinkinThirdPartyLibraries>false</LinkinThirdPartyLibraries>
    <UnittestMode>false</UnittestMode>
    <OutputName>crate</OutputName>
    <Target>Executable</Target>
    <DebugLevel>0</DebugLevel>
    <CustomCommands>
      <CustomCommands>
        <Command type="Build" command="dub test" workingdir="${ProjectDir}" externalConsole="True" />
        <Command type="Clean" command="dub clean" workingdir="${ProjectDir}" externalConsole="True" />
        <Command type="Execute" command=".dub/build/application-debug-posix.osx-x86_64-dmd-AD37A1B0CA4AE81292FC4DB52F2A12B1/crate.d" workingdir="${ProjectDir}" />
      </CustomCommands>
    </CustomCommands>
    <ConsolePause>false</ConsolePause>
  </PropertyGroup>
  <PropertyGroup Condition=" '$(Configuration)|$(Platform)' == 'Release|AnyCPU' ">
    <OutputPath>bin\Release</OutputPath>
    <ObjectsDirectory>obj/Release</ObjectsDirectory>
    <LinkinThirdPartyLibraries>false</LinkinThirdPartyLibraries>
    <UnittestMode>false</UnittestMode>
    <OutputName>crate</OutputName>
    <Target>Executable</Target>
    <Externalconsole>true</Externalconsole>
    <DebugLevel>0</DebugLevel>
    <ConsolePause>false</ConsolePause>
  </PropertyGroup>
  <PropertyGroup Condition=" '$(Configuration)|$(Platform)' == 'Unittest|AnyCPU' ">
    <DebugSymbols>true</DebugSymbols>
    <OutputPath>bin\Unittest</OutputPath>
    <ObjectsDirectory>obj/Unittest</ObjectsDirectory>
    <LinkinThirdPartyLibraries>false</LinkinThirdPartyLibraries>
    <UnittestMode>true</UnittestMode>
    <OutputName>crate</OutputName>
    <Target>Executable</Target>
    <DebugLevel>0</DebugLevel>
    <CustomCommands>
      <CustomCommands>
        <Command type="Execute" command=".dub/build/__test__library__-unittest-posix.osx-x86_64-dmd-5018E9D5576260EAFC1DAFDAA16EB9C5/__test__library__" workingdir="${ProjectDir}" />
        <Command type="Build" command="./test.sh" workingdir="${ProjectDir}" externalConsole="True" />
      </CustomCommands>
    </CustomCommands>
    <ConsolePause>false</ConsolePause>
  </PropertyGroup>
  <ItemGroup>
    <Compile Include="source\crated\controller\base.d" />
    <Compile Include="source\crated\controller\vibed.d" />
    <Compile Include="source\crated\model\base.d" />
    <Compile Include="source\crated\model\mongo.d" />
    <Compile Include="source\crated\view\base.d" />
    <Compile Include="source\crate.d" />
    <Compile Include="source\crated\controller\admin.d" />
    <Compile Include="source\crated\view\admin.d" />
  </ItemGroup>
  <ItemGroup>
    <None Include="dub.json" />
    <None Include="LICENSE.txt" />
    <None Include="README.md" />
    <None Include="test.sh" />
  </ItemGroup>
  <ItemGroup>
    <Folder Include="source\crated\" />
  </ItemGroup>
</Project>